// !$*UTF8*$!
{
	archiveVersion = 1;
	classes = {
	};
	objectVersion = 48;
	objects = {

/* Begin PBXBuildFile section */
		313B226E1F0B1663004F1A48 /* SelectionDetailsScreenFactory.swift in Sources */ = {isa = PBXBuildFile; fileRef = 313B226D1F0B1663004F1A48 /* SelectionDetailsScreenFactory.swift */; };
		313B22701F0B1735004F1A48 /* SelectionDetailsScreenInteractor.swift in Sources */ = {isa = PBXBuildFile; fileRef = 313B226F1F0B1735004F1A48 /* SelectionDetailsScreenInteractor.swift */; };
		313B22731F0B17CC004F1A48 /* SelectionDetailsViewController.swift in Sources */ = {isa = PBXBuildFile; fileRef = 313B22711F0B17CC004F1A48 /* SelectionDetailsViewController.swift */; };
		313B22741F0B17CC004F1A48 /* SelectionDetailsViewController.xib in Resources */ = {isa = PBXBuildFile; fileRef = 313B22721F0B17CC004F1A48 /* SelectionDetailsViewController.xib */; };
		314C48311F0B05F30030AF4D /* WhyNoTestsInfoTests.swift in Sources */ = {isa = PBXBuildFile; fileRef = 314C48301F0B05F30030AF4D /* WhyNoTestsInfoTests.swift */; };
		3158AAD11F0B0F1D0037F771 /* SelectionResult.swift in Sources */ = {isa = PBXBuildFile; fileRef = 3158AAD01F0B0DEA0037F771 /* SelectionResult.swift */; };
		3158AAD21F0B0F200037F771 /* SelectionScreenFactory.swift in Sources */ = {isa = PBXBuildFile; fileRef = 3158AACF1F0B0DCB0037F771 /* SelectionScreenFactory.swift */; };
		3158AAD31F0B0F230037F771 /* SelectionScreenInteractor.swift in Sources */ = {isa = PBXBuildFile; fileRef = 3158AACB1F0B0D630037F771 /* SelectionScreenInteractor.swift */; };
		3158AAD41F0B0F250037F771 /* SelectionScreenViewController.swift in Sources */ = {isa = PBXBuildFile; fileRef = 3158AACD1F0B0D630037F771 /* SelectionScreenViewController.swift */; };
		3158AAD51F0B0F2C0037F771 /* SelectionScreenViewController.xib in Resources */ = {isa = PBXBuildFile; fileRef = 3158AACE1F0B0D630037F771 /* SelectionScreenViewController.xib */; };
		31825D721F0AF009008EA853 /* HavingNib.swift in Sources */ = {isa = PBXBuildFile; fileRef = 31825D711F0AF009008EA853 /* HavingNib.swift */; };
		31825D741F0AF0A7008EA853 /* UIView+HavingNib.swift in Sources */ = {isa = PBXBuildFile; fileRef = 31825D731F0AF0A7008EA853 /* UIView+HavingNib.swift */; };
		31B9C1CA1F0AB82A00012093 /* AppDelegate.swift in Sources */ = {isa = PBXBuildFile; fileRef = 31B9C1C91F0AB82A00012093 /* AppDelegate.swift */; };
		31B9C1D11F0AB82A00012093 /* Assets.xcassets in Resources */ = {isa = PBXBuildFile; fileRef = 31B9C1D01F0AB82A00012093 /* Assets.xcassets */; };
		31B9C1D41F0AB82A00012093 /* LaunchScreen.storyboard in Resources */ = {isa = PBXBuildFile; fileRef = 31B9C1D21F0AB82A00012093 /* LaunchScreen.storyboard */; };
		31F8C7281F0AD9F000027539 /* AppInitializer.swift in Sources */ = {isa = PBXBuildFile; fileRef = 31F8C7271F0AD9F000027539 /* AppInitializer.swift */; };
		31F8C72A1F0ADAD700027539 /* Environment.swift in Sources */ = {isa = PBXBuildFile; fileRef = 31F8C7291F0ADAD700027539 /* Environment.swift */; };
		31F8C72D1F0AE29800027539 /* RootNavigation.swift in Sources */ = {isa = PBXBuildFile; fileRef = 31F8C72C1F0AE29800027539 /* RootNavigation.swift */; };
		31F8C7311F0AE82100027539 /* DemoFlowNavigation.swift in Sources */ = {isa = PBXBuildFile; fileRef = 31F8C7301F0AE82100027539 /* DemoFlowNavigation.swift */; };
/* End PBXBuildFile section */

/* Begin PBXContainerItemProxy section */
		31B9C1DB1F0AB82A00012093 /* PBXContainerItemProxy */ = {
			isa = PBXContainerItemProxy;
			containerPortal = 31B9C1BE1F0AB82A00012093 /* Project object */;
			proxyType = 1;
			remoteGlobalIDString = 31B9C1C51F0AB82A00012093;
			remoteInfo = KZSampleApp;
		};
/* End PBXContainerItemProxy section */

/* Begin PBXFileReference section */
		313B226D1F0B1663004F1A48 /* SelectionDetailsScreenFactory.swift */ = {isa = PBXFileReference; lastKnownFileType = sourcecode.swift; path = SelectionDetailsScreenFactory.swift; sourceTree = "<group>"; };
		313B226F1F0B1735004F1A48 /* SelectionDetailsScreenInteractor.swift */ = {isa = PBXFileReference; lastKnownFileType = sourcecode.swift; path = SelectionDetailsScreenInteractor.swift; sourceTree = "<group>"; };
		313B22711F0B17CC004F1A48 /* SelectionDetailsViewController.swift */ = {isa = PBXFileReference; lastKnownFileType = sourcecode.swift; path = SelectionDetailsViewController.swift; sourceTree = "<group>"; };
		313B22721F0B17CC004F1A48 /* SelectionDetailsViewController.xib */ = {isa = PBXFileReference; lastKnownFileType = file.xib; path = SelectionDetailsViewController.xib; sourceTree = "<group>"; };
		313B22761F0B9680004F1A48 /* README.md */ = {isa = PBXFileReference; lastKnownFileType = net.daringfireball.markdown; path = README.md; sourceTree = "<group>"; };
		314C48301F0B05F30030AF4D /* WhyNoTestsInfoTests.swift */ = {isa = PBXFileReference; lastKnownFileType = sourcecode.swift; path = WhyNoTestsInfoTests.swift; sourceTree = "<group>"; };
		3158AACB1F0B0D630037F771 /* SelectionScreenInteractor.swift */ = {isa = PBXFileReference; lastKnownFileType = sourcecode.swift; path = SelectionScreenInteractor.swift; sourceTree = "<group>"; };
		3158AACD1F0B0D630037F771 /* SelectionScreenViewController.swift */ = {isa = PBXFileReference; lastKnownFileType = sourcecode.swift; path = SelectionScreenViewController.swift; sourceTree = "<group>"; };
		3158AACE1F0B0D630037F771 /* SelectionScreenViewController.xib */ = {isa = PBXFileReference; lastKnownFileType = file.xib; path = SelectionScreenViewController.xib; sourceTree = "<group>"; };
		3158AACF1F0B0DCB0037F771 /* SelectionScreenFactory.swift */ = {isa = PBXFileReference; lastKnownFileType = sourcecode.swift; path = SelectionScreenFactory.swift; sourceTree = "<group>"; };
		3158AAD01F0B0DEA0037F771 /* SelectionResult.swift */ = {isa = PBXFileReference; lastKnownFileType = sourcecode.swift; path = SelectionResult.swift; sourceTree = "<group>"; };
		31825D711F0AF009008EA853 /* HavingNib.swift */ = {isa = PBXFileReference; fileEncoding = 4; lastKnownFileType = sourcecode.swift; path = HavingNib.swift; sourceTree = "<group>"; };
		31825D731F0AF0A7008EA853 /* UIView+HavingNib.swift */ = {isa = PBXFileReference; fileEncoding = 4; lastKnownFileType = sourcecode.swift; path = "UIView+HavingNib.swift"; sourceTree = "<group>"; };
		31B9C1C61F0AB82A00012093 /* KZSampleApp.app */ = {isa = PBXFileReference; explicitFileType = wrapper.application; includeInIndex = 0; path = KZSampleApp.app; sourceTree = BUILT_PRODUCTS_DIR; };
		31B9C1C91F0AB82A00012093 /* AppDelegate.swift */ = {isa = PBXFileReference; lastKnownFileType = sourcecode.swift; path = AppDelegate.swift; sourceTree = "<group>"; };
		31B9C1D01F0AB82A00012093 /* Assets.xcassets */ = {isa = PBXFileReference; lastKnownFileType = folder.assetcatalog; path = Assets.xcassets; sourceTree = "<group>"; };
		31B9C1D31F0AB82A00012093 /* Base */ = {isa = PBXFileReference; lastKnownFileType = file.storyboard; name = Base; path = Base.lproj/LaunchScreen.storyboard; sourceTree = "<group>"; };
		31B9C1D51F0AB82A00012093 /* Info.plist */ = {isa = PBXFileReference; lastKnownFileType = text.plist.xml; path = Info.plist; sourceTree = "<group>"; };
		31B9C1DA1F0AB82A00012093 /* KZSampleAppTests.xctest */ = {isa = PBXFileReference; explicitFileType = wrapper.cfbundle; includeInIndex = 0; path = KZSampleAppTests.xctest; sourceTree = BUILT_PRODUCTS_DIR; };
		31B9C1E01F0AB82B00012093 /* Info.plist */ = {isa = PBXFileReference; lastKnownFileType = text.plist.xml; path = Info.plist; sourceTree = "<group>"; };
		31F8C7271F0AD9F000027539 /* AppInitializer.swift */ = {isa = PBXFileReference; lastKnownFileType = sourcecode.swift; path = AppInitializer.swift; sourceTree = "<group>"; };
		31F8C7291F0ADAD700027539 /* Environment.swift */ = {isa = PBXFileReference; lastKnownFileType = sourcecode.swift; path = Environment.swift; sourceTree = "<group>"; };
		31F8C72C1F0AE29800027539 /* RootNavigation.swift */ = {isa = PBXFileReference; lastKnownFileType = sourcecode.swift; path = RootNavigation.swift; sourceTree = "<group>"; };
		31F8C7301F0AE82100027539 /* DemoFlowNavigation.swift */ = {isa = PBXFileReference; lastKnownFileType = sourcecode.swift; path = DemoFlowNavigation.swift; sourceTree = "<group>"; };
/* End PBXFileReference section */

/* Begin PBXFrameworksBuildPhase section */
		31B9C1C31F0AB82A00012093 /* Frameworks */ = {
			isa = PBXFrameworksBuildPhase;
			buildActionMask = 2147483647;
			files = (
			);
			runOnlyForDeploymentPostprocessing = 0;
		};
		31B9C1D71F0AB82A00012093 /* Frameworks */ = {
			isa = PBXFrameworksBuildPhase;
			buildActionMask = 2147483647;
			files = (
			);
			runOnlyForDeploymentPostprocessing = 0;
		};
/* End PBXFrameworksBuildPhase section */

/* Begin PBXGroup section */
		3158AAC71F0B0D630037F771 /* SelectionScreen */ = {
			isa = PBXGroup;
			children = (
				3158AAC81F0B0D630037F771 /* Factories */,
				3158AACA1F0B0D630037F771 /* Interactor */,
				3158AACC1F0B0D630037F771 /* View */,
			);
			path = SelectionScreen;
			sourceTree = "<group>";
		};
		3158AAC81F0B0D630037F771 /* Factories */ = {
			isa = PBXGroup;
			children = (
				3158AACF1F0B0DCB0037F771 /* SelectionScreenFactory.swift */,
			);
			path = Factories;
			sourceTree = "<group>";
		};
		3158AACA1F0B0D630037F771 /* Interactor */ = {
			isa = PBXGroup;
			children = (
				3158AACB1F0B0D630037F771 /* SelectionScreenInteractor.swift */,
			);
			path = Interactor;
			sourceTree = "<group>";
		};
		3158AACC1F0B0D630037F771 /* View */ = {
			isa = PBXGroup;
			children = (
				3158AACD1F0B0D630037F771 /* SelectionScreenViewController.swift */,
				3158AACE1F0B0D630037F771 /* SelectionScreenViewController.xib */,
			);
			path = View;
			sourceTree = "<group>";
		};
		3158AAD61F0B0F4C0037F771 /* Common */ = {
			isa = PBXGroup;
			children = (
				3158AAD71F0B0F520037F771 /* Models */,
			);
			path = Common;
			sourceTree = "<group>";
		};
		3158AAD71F0B0F520037F771 /* Models */ = {
			isa = PBXGroup;
			children = (
				3158AAD01F0B0DEA0037F771 /* SelectionResult.swift */,
			);
			path = Models;
			sourceTree = "<group>";
		};
		3158AAD81F0B10850037F771 /* SelectionDetailsScreen */ = {
			isa = PBXGroup;
			children = (
				3158AAD91F0B10EF0037F771 /* Factories */,
				3158AADA1F0B11490037F771 /* Interactor */,
				3158AADB1F0B11570037F771 /* View */,
			);
			path = SelectionDetailsScreen;
			sourceTree = "<group>";
		};
		3158AAD91F0B10EF0037F771 /* Factories */ = {
			isa = PBXGroup;
			children = (
				313B226D1F0B1663004F1A48 /* SelectionDetailsScreenFactory.swift */,
			);
			path = Factories;
			sourceTree = "<group>";
		};
		3158AADA1F0B11490037F771 /* Interactor */ = {
			isa = PBXGroup;
			children = (
				313B226F1F0B1735004F1A48 /* SelectionDetailsScreenInteractor.swift */,
			);
			path = Interactor;
			sourceTree = "<group>";
		};
		3158AADB1F0B11570037F771 /* View */ = {
			isa = PBXGroup;
			children = (
				313B22711F0B17CC004F1A48 /* SelectionDetailsViewController.swift */,
				313B22721F0B17CC004F1A48 /* SelectionDetailsViewController.xib */,
			);
			path = View;
			sourceTree = "<group>";
		};
		31825D6F1F0AEFEA008EA853 /* Extensions */ = {
			isa = PBXGroup;
			children = (
				31825D731F0AF0A7008EA853 /* UIView+HavingNib.swift */,
			);
			name = Extensions;
			sourceTree = "<group>";
		};
		31825D701F0AF000008EA853 /* Protocols */ = {
			isa = PBXGroup;
			children = (
				31825D711F0AF009008EA853 /* HavingNib.swift */,
			);
			name = Protocols;
			sourceTree = "<group>";
		};
		31B9C1BD1F0AB82A00012093 = {
			isa = PBXGroup;
			children = (
				313B22761F0B9680004F1A48 /* README.md */,
				31B9C1C81F0AB82A00012093 /* KZSampleApp */,
				31B9C1DD1F0AB82B00012093 /* KZSampleAppTests */,
				31B9C1C71F0AB82A00012093 /* Products */,
			);
			sourceTree = "<group>";
		};
		31B9C1C71F0AB82A00012093 /* Products */ = {
			isa = PBXGroup;
			children = (
				31B9C1C61F0AB82A00012093 /* KZSampleApp.app */,
				31B9C1DA1F0AB82A00012093 /* KZSampleAppTests.xctest */,
			);
			name = Products;
			sourceTree = "<group>";
		};
		31B9C1C81F0AB82A00012093 /* KZSampleApp */ = {
			isa = PBXGroup;
			children = (
				31B9C1D51F0AB82A00012093 /* Info.plist */,
				31B9C1E91F0ABB2F00012093 /* Common */,
				31B9C1EA1F0ABB3C00012093 /* Modules */,
			);
			path = KZSampleApp;
			sourceTree = "<group>";
		};
		31B9C1DD1F0AB82B00012093 /* KZSampleAppTests */ = {
			isa = PBXGroup;
			children = (
				314C48301F0B05F30030AF4D /* WhyNoTestsInfoTests.swift */,
				31B9C1E01F0AB82B00012093 /* Info.plist */,
			);
			path = KZSampleAppTests;
			sourceTree = "<group>";
		};
		31B9C1E91F0ABB2F00012093 /* Common */ = {
			isa = PBXGroup;
			children = (
				31825D701F0AF000008EA853 /* Protocols */,
				31825D6F1F0AEFEA008EA853 /* Extensions */,
				31B9C1C91F0AB82A00012093 /* AppDelegate.swift */,
				31F8C7271F0AD9F000027539 /* AppInitializer.swift */,
				31F8C7291F0ADAD700027539 /* Environment.swift */,
				31B9C1D01F0AB82A00012093 /* Assets.xcassets */,
				31B9C1D21F0AB82A00012093 /* LaunchScreen.storyboard */,
			);
			path = Common;
			sourceTree = "<group>";
		};
		31B9C1EA1F0ABB3C00012093 /* Modules */ = {
			isa = PBXGroup;
			children = (
				31F8C72B1F0AE26A00027539 /* RootNavigation */,
				31B9C1EB1F0ABB5F00012093 /* DemoFlow */,
			);
			path = Modules;
			sourceTree = "<group>";
		};
		31B9C1EB1F0ABB5F00012093 /* DemoFlow */ = {
			isa = PBXGroup;
			children = (
				3158AAD61F0B0F4C0037F771 /* Common */,
				3158AAC71F0B0D630037F771 /* SelectionScreen */,
				3158AAD81F0B10850037F771 /* SelectionDetailsScreen */,
			);
			path = DemoFlow;
			sourceTree = "<group>";
		};
		31F8C72B1F0AE26A00027539 /* RootNavigation */ = {
			isa = PBXGroup;
			children = (
				31F8C72C1F0AE29800027539 /* RootNavigation.swift */,
				31F8C7301F0AE82100027539 /* DemoFlowNavigation.swift */,
			);
			path = RootNavigation;
			sourceTree = "<group>";
		};
/* End PBXGroup section */

/* Begin PBXNativeTarget section */
		31B9C1C51F0AB82A00012093 /* KZSampleApp */ = {
			isa = PBXNativeTarget;
			buildConfigurationList = 31B9C1E31F0AB82B00012093 /* Build configuration list for PBXNativeTarget "KZSampleApp" */;
			buildPhases = (
				31B9C1C21F0AB82A00012093 /* Sources */,
				31B9C1C31F0AB82A00012093 /* Frameworks */,
				31B9C1C41F0AB82A00012093 /* Resources */,
			);
			buildRules = (
			);
			dependencies = (
			);
			name = KZSampleApp;
			productName = KZSampleApp;
			productReference = 31B9C1C61F0AB82A00012093 /* KZSampleApp.app */;
			productType = "com.apple.product-type.application";
		};
		31B9C1D91F0AB82A00012093 /* KZSampleAppTests */ = {
			isa = PBXNativeTarget;
			buildConfigurationList = 31B9C1E61F0AB82B00012093 /* Build configuration list for PBXNativeTarget "KZSampleAppTests" */;
			buildPhases = (
				31B9C1D61F0AB82A00012093 /* Sources */,
				31B9C1D71F0AB82A00012093 /* Frameworks */,
				31B9C1D81F0AB82A00012093 /* Resources */,
			);
			buildRules = (
			);
			dependencies = (
				31B9C1DC1F0AB82A00012093 /* PBXTargetDependency */,
			);
			name = KZSampleAppTests;
			productName = KZSampleAppTests;
			productReference = 31B9C1DA1F0AB82A00012093 /* KZSampleAppTests.xctest */;
			productType = "com.apple.product-type.bundle.unit-test";
		};
/* End PBXNativeTarget section */

/* Begin PBXProject section */
		31B9C1BE1F0AB82A00012093 /* Project object */ = {
			isa = PBXProject;
			attributes = {
				LastSwiftUpdateCheck = 0900;
				LastUpgradeCheck = 0900;
				ORGANIZATIONNAME = "Kamil Ziętek";
				TargetAttributes = {
					31B9C1C51F0AB82A00012093 = {
						CreatedOnToolsVersion = 9.0;
					};
					31B9C1D91F0AB82A00012093 = {
						CreatedOnToolsVersion = 9.0;
						TestTargetID = 31B9C1C51F0AB82A00012093;
					};
				};
			};
			buildConfigurationList = 31B9C1C11F0AB82A00012093 /* Build configuration list for PBXProject "KZSampleApp" */;
			compatibilityVersion = "Xcode 8.0";
			developmentRegion = en;
			hasScannedForEncodings = 0;
			knownRegions = (
				en,
				Base,
			);
			mainGroup = 31B9C1BD1F0AB82A00012093;
			productRefGroup = 31B9C1C71F0AB82A00012093 /* Products */;
			projectDirPath = "";
			projectRoot = "";
			targets = (
				31B9C1C51F0AB82A00012093 /* KZSampleApp */,
				31B9C1D91F0AB82A00012093 /* KZSampleAppTests */,
			);
		};
/* End PBXProject section */

/* Begin PBXResourcesBuildPhase section */
		31B9C1C41F0AB82A00012093 /* Resources */ = {
			isa = PBXResourcesBuildPhase;
			buildActionMask = 2147483647;
			files = (
				31B9C1D41F0AB82A00012093 /* LaunchScreen.storyboard in Resources */,
				3158AAD51F0B0F2C0037F771 /* SelectionScreenViewController.xib in Resources */,
				313B22741F0B17CC004F1A48 /* SelectionDetailsViewController.xib in Resources */,
				31B9C1D11F0AB82A00012093 /* Assets.xcassets in Resources */,
			);
			runOnlyForDeploymentPostprocessing = 0;
		};
		31B9C1D81F0AB82A00012093 /* Resources */ = {
			isa = PBXResourcesBuildPhase;
			buildActionMask = 2147483647;
			files = (
			);
			runOnlyForDeploymentPostprocessing = 0;
		};
/* End PBXResourcesBuildPhase section */

/* Begin PBXSourcesBuildPhase section */
		31B9C1C21F0AB82A00012093 /* Sources */ = {
			isa = PBXSourcesBuildPhase;
			buildActionMask = 2147483647;
			files = (
				31825D721F0AF009008EA853 /* HavingNib.swift in Sources */,
				3158AAD41F0B0F250037F771 /* SelectionScreenViewController.swift in Sources */,
				313B22731F0B17CC004F1A48 /* SelectionDetailsViewController.swift in Sources */,
				31F8C72D1F0AE29800027539 /* RootNavigation.swift in Sources */,
				31F8C7281F0AD9F000027539 /* AppInitializer.swift in Sources */,
				3158AAD31F0B0F230037F771 /* SelectionScreenInteractor.swift in Sources */,
				31F8C72A1F0ADAD700027539 /* Environment.swift in Sources */,
				313B22701F0B1735004F1A48 /* SelectionDetailsScreenInteractor.swift in Sources */,
				313B226E1F0B1663004F1A48 /* SelectionDetailsScreenFactory.swift in Sources */,
				3158AAD21F0B0F200037F771 /* SelectionScreenFactory.swift in Sources */,
				31B9C1CA1F0AB82A00012093 /* AppDelegate.swift in Sources */,
				3158AAD11F0B0F1D0037F771 /* SelectionResult.swift in Sources */,
				31F8C7311F0AE82100027539 /* DemoFlowNavigation.swift in Sources */,
				31825D741F0AF0A7008EA853 /* UIView+HavingNib.swift in Sources */,
			);
			runOnlyForDeploymentPostprocessing = 0;
		};
		31B9C1D61F0AB82A00012093 /* Sources */ = {
			isa = PBXSourcesBuildPhase;
			buildActionMask = 2147483647;
			files = (
				314C48311F0B05F30030AF4D /* WhyNoTestsInfoTests.swift in Sources */,
			);
			runOnlyForDeploymentPostprocessing = 0;
		};
/* End PBXSourcesBuildPhase section */

/* Begin PBXTargetDependency section */
		31B9C1DC1F0AB82A00012093 /* PBXTargetDependency */ = {
			isa = PBXTargetDependency;
			target = 31B9C1C51F0AB82A00012093 /* KZSampleApp */;
			targetProxy = 31B9C1DB1F0AB82A00012093 /* PBXContainerItemProxy */;
		};
/* End PBXTargetDependency section */

/* Begin PBXVariantGroup section */
		31B9C1D21F0AB82A00012093 /* LaunchScreen.storyboard */ = {
			isa = PBXVariantGroup;
			children = (
				31B9C1D31F0AB82A00012093 /* Base */,
			);
			name = LaunchScreen.storyboard;
			sourceTree = "<group>";
		};
/* End PBXVariantGroup section */

/* Begin XCBuildConfiguration section */
		31B9C1E11F0AB82B00012093 /* Debug */ = {
			isa = XCBuildConfiguration;
			buildSettings = {
				ALWAYS_SEARCH_USER_PATHS = NO;
				CLANG_ANALYZER_NONNULL = YES;
				CLANG_ANALYZER_NUMBER_OBJECT_CONVERSION = YES_AGGRESSIVE;
				CLANG_CXX_LANGUAGE_STANDARD = "gnu++14";
				CLANG_CXX_LIBRARY = "libc++";
				CLANG_ENABLE_MODULES = YES;
				CLANG_ENABLE_OBJC_ARC = YES;
				CLANG_WARN_BLOCK_CAPTURE_AUTORELEASING = YES;
				CLANG_WARN_BOOL_CONVERSION = YES;
				CLANG_WARN_COMMA = YES;
				CLANG_WARN_CONSTANT_CONVERSION = YES;
				CLANG_WARN_DIRECT_OBJC_ISA_USAGE = YES_ERROR;
				CLANG_WARN_DOCUMENTATION_COMMENTS = YES;
				CLANG_WARN_EMPTY_BODY = YES;
				CLANG_WARN_ENUM_CONVERSION = YES;
				CLANG_WARN_INFINITE_RECURSION = YES;
				CLANG_WARN_INT_CONVERSION = YES;
				CLANG_WARN_OBJC_ROOT_CLASS = YES_ERROR;
				CLANG_WARN_RANGE_LOOP_ANALYSIS = YES;
				CLANG_WARN_STRICT_PROTOTYPES = YES;
				CLANG_WARN_SUSPICIOUS_MOVE = YES;
				CLANG_WARN_UNGUARDED_AVAILABILITY = YES_AGGRESSIVE;
				CLANG_WARN_UNREACHABLE_CODE = YES;
				CLANG_WARN__DUPLICATE_METHOD_MATCH = YES;
				CODE_SIGN_IDENTITY = "iPhone Developer";
				COPY_PHASE_STRIP = NO;
				DEBUG_INFORMATION_FORMAT = dwarf;
				ENABLE_STRICT_OBJC_MSGSEND = YES;
				ENABLE_TESTABILITY = YES;
				GCC_C_LANGUAGE_STANDARD = gnu11;
				GCC_DYNAMIC_NO_PIC = NO;
				GCC_NO_COMMON_BLOCKS = YES;
				GCC_OPTIMIZATION_LEVEL = 0;
				GCC_PREPROCESSOR_DEFINITIONS = (
					"DEBUG=1",
					"$(inherited)",
				);
				GCC_WARN_64_TO_32_BIT_CONVERSION = YES;
				GCC_WARN_ABOUT_RETURN_TYPE = YES_ERROR;
				GCC_WARN_UNDECLARED_SELECTOR = YES;
				GCC_WARN_UNINITIALIZED_AUTOS = YES_AGGRESSIVE;
				GCC_WARN_UNUSED_FUNCTION = YES;
				GCC_WARN_UNUSED_VARIABLE = YES;
				IPHONEOS_DEPLOYMENT_TARGET = 10.0;
				MTL_ENABLE_DEBUG_INFO = YES;
				ONLY_ACTIVE_ARCH = YES;
				SDKROOT = iphoneos;
				SWIFT_ACTIVE_COMPILATION_CONDITIONS = DEBUG;
				SWIFT_OPTIMIZATION_LEVEL = "-Onone";
			};
			name = Debug;
		};
		31B9C1E21F0AB82B00012093 /* Release */ = {
			isa = XCBuildConfiguration;
			buildSettings = {
				ALWAYS_SEARCH_USER_PATHS = NO;
				CLANG_ANALYZER_NONNULL = YES;
				CLANG_ANALYZER_NUMBER_OBJECT_CONVERSION = YES_AGGRESSIVE;
				CLANG_CXX_LANGUAGE_STANDARD = "gnu++14";
				CLANG_CXX_LIBRARY = "libc++";
				CLANG_ENABLE_MODULES = YES;
				CLANG_ENABLE_OBJC_ARC = YES;
				CLANG_WARN_BLOCK_CAPTURE_AUTORELEASING = YES;
				CLANG_WARN_BOOL_CONVERSION = YES;
				CLANG_WARN_COMMA = YES;
				CLANG_WARN_CONSTANT_CONVERSION = YES;
				CLANG_WARN_DIRECT_OBJC_ISA_USAGE = YES_ERROR;
				CLANG_WARN_DOCUMENTATION_COMMENTS = YES;
				CLANG_WARN_EMPTY_BODY = YES;
				CLANG_WARN_ENUM_CONVERSION = YES;
				CLANG_WARN_INFINITE_RECURSION = YES;
				CLANG_WARN_INT_CONVERSION = YES;
				CLANG_WARN_OBJC_ROOT_CLASS = YES_ERROR;
				CLANG_WARN_RANGE_LOOP_ANALYSIS = YES;
				CLANG_WARN_STRICT_PROTOTYPES = YES;
				CLANG_WARN_SUSPICIOUS_MOVE = YES;
				CLANG_WARN_UNGUARDED_AVAILABILITY = YES_AGGRESSIVE;
				CLANG_WARN_UNREACHABLE_CODE = YES;
				CLANG_WARN__DUPLICATE_METHOD_MATCH = YES;
				CODE_SIGN_IDENTITY = "iPhone Developer";
				COPY_PHASE_STRIP = NO;
				DEBUG_INFORMATION_FORMAT = "dwarf-with-dsym";
				ENABLE_NS_ASSERTIONS = NO;
				ENABLE_STRICT_OBJC_MSGSEND = YES;
				GCC_C_LANGUAGE_STANDARD = gnu11;
				GCC_NO_COMMON_BLOCKS = YES;
				GCC_WARN_64_TO_32_BIT_CONVERSION = YES;
				GCC_WARN_ABOUT_RETURN_TYPE = YES_ERROR;
				GCC_WARN_UNDECLARED_SELECTOR = YES;
				GCC_WARN_UNINITIALIZED_AUTOS = YES_AGGRESSIVE;
				GCC_WARN_UNUSED_FUNCTION = YES;
				GCC_WARN_UNUSED_VARIABLE = YES;
				IPHONEOS_DEPLOYMENT_TARGET = 10.0;
				MTL_ENABLE_DEBUG_INFO = NO;
				SDKROOT = iphoneos;
				SWIFT_OPTIMIZATION_LEVEL = "-Owholemodule";
				VALIDATE_PRODUCT = YES;
			};
			name = Release;
		};
		31B9C1E41F0AB82B00012093 /* Debug */ = {
			isa = XCBuildConfiguration;
			buildSettings = {
				ASSETCATALOG_COMPILER_APPICON_NAME = AppIcon;
				DEVELOPMENT_TEAM = 3M78FF338K;
				INFOPLIST_FILE = KZSampleApp/Info.plist;
				LD_RUNPATH_SEARCH_PATHS = "$(inherited) @executable_path/Frameworks";
				PRODUCT_BUNDLE_IDENTIFIER = co.allinmobile.KZSampleApp;
				PRODUCT_NAME = "$(TARGET_NAME)";
				SWIFT_VERSION = 4.0;
				TARGETED_DEVICE_FAMILY = "1,2";
			};
			name = Debug;
		};
		31B9C1E51F0AB82B00012093 /* Release */ = {
			isa = XCBuildConfiguration;
			buildSettings = {
				ASSETCATALOG_COMPILER_APPICON_NAME = AppIcon;
				DEVELOPMENT_TEAM = 3M78FF338K;
				INFOPLIST_FILE = KZSampleApp/Info.plist;
				LD_RUNPATH_SEARCH_PATHS = "$(inherited) @executable_path/Frameworks";
				PRODUCT_BUNDLE_IDENTIFIER = co.allinmobile.KZSampleApp;
				PRODUCT_NAME = "$(TARGET_NAME)";
				SWIFT_VERSION = 4.0;
				TARGETED_DEVICE_FAMILY = "1,2";
			};
			name = Release;
		};
		31B9C1E71F0AB82B00012093 /* Debug */ = {
			isa = XCBuildConfiguration;
			buildSettings = {
				ALWAYS_EMBED_SWIFT_STANDARD_LIBRARIES = YES;
				BUNDLE_LOADER = "$(TEST_HOST)";
				DEVELOPMENT_TEAM = 3M78FF338K;
				INFOPLIST_FILE = KZSampleAppTests/Info.plist;
				LD_RUNPATH_SEARCH_PATHS = "$(inherited) @executable_path/Frameworks @loader_path/Frameworks";
				PRODUCT_BUNDLE_IDENTIFIER = co.allinmobile.KZSampleAppTests;
				PRODUCT_NAME = "$(TARGET_NAME)";
				SWIFT_VERSION = 4.0;
				TARGETED_DEVICE_FAMILY = "1,2";
				TEST_HOST = "$(BUILT_PRODUCTS_DIR)/KZSampleApp.app/KZSampleApp";
			};
			name = Debug;
		};
		31B9C1E81F0AB82B00012093 /* Release */ = {
			isa = XCBuildConfiguration;
			buildSettings = {
				ALWAYS_EMBED_SWIFT_STANDARD_LIBRARIES = YES;
				BUNDLE_LOADER = "$(TEST_HOST)";
				DEVELOPMENT_TEAM = 3M78FF338K;
				INFOPLIST_FILE = KZSampleAppTests/Info.plist;
				LD_RUNPATH_SEARCH_PATHS = "$(inherited) @executable_path/Frameworks @loader_path/Frameworks";
				PRODUCT_BUNDLE_IDENTIFIER = co.allinmobile.KZSampleAppTests;
				PRODUCT_NAME = "$(TARGET_NAME)";
				SWIFT_VERSION = 4.0;
				TARGETED_DEVICE_FAMILY = "1,2";
				TEST_HOST = "$(BUILT_PRODUCTS_DIR)/KZSampleApp.app/KZSampleApp";
			};
			name = Release;
		};
/* End XCBuildConfiguration section */

/* Begin XCConfigurationList section */
		31B9C1C11F0AB82A00012093 /* Build configuration list for PBXProject "KZSampleApp" */ = {
			isa = XCConfigurationList;
			buildConfigurations = (
				31B9C1E11F0AB82B00012093 /* Debug */,
				31B9C1E21F0AB82B00012093 /* Release */,
			);
			defaultConfigurationIsVisible = 0;
			defaultConfigurationName = Release;
		};
		31B9C1E31F0AB82B00012093 /* Build configuration list for PBXNativeTarget "KZSampleApp" */ = {
			isa = XCConfigurationList;
			buildConfigurations = (
				31B9C1E41F0AB82B00012093 /* Debug */,
				31B9C1E51F0AB82B00012093 /* Release */,
			);
			defaultConfigurationIsVisible = 0;
			defaultConfigurationName = Release;
		};
		31B9C1E61F0AB82B00012093 /* Build configuration list for PBXNativeTarget "KZSampleAppTests" */ = {
			isa = XCConfigurationList;
			buildConfigurations = (
				31B9C1E71F0AB82B00012093 /* Debug */,
				31B9C1E81F0AB82B00012093 /* Release */,
			);
			defaultConfigurationIsVisible = 0;
			defaultConfigurationName = Release;
		};
/* End XCConfigurationList section */
	};
	rootObject = 31B9C1BE1F0AB82A00012093 /* Project object */;
}
